
Microsoft Visual Studio Solution File, Format Version 12.00
# Visual Studio Version 17
VisualStudioVersion = 17.1.32210.238
MinimumVisualStudioVersion = 10.0.40219.1
Project("{FAE04EC0-301F-11D3-BF4B-00C04F79EFBC}") = "Practica", "Practica\Practica.csproj", "{94773B26-016A-4807-841E-576E584039BE}"
EndProject
Global
	GlobalSection(SolutionConfigurationPlatforms) = preSolution
		Debug|Any CPU = Debug|Any CPU
		Release|Any CPU = Release|Any CPU
	EndGlobalSection
	GlobalSection(ProjectConfigurationPlatforms) = postSolution
		{94773B26-016A-4807-841E-576E584039BE}.Debug|Any CPU.ActiveCfg = Debug|Any CPU
		{94773B26-016A-4807-841E-576E584039BE}.Debug|Any CPU.Build.0 = Debug|Any CPU
		{94773B26-016A-4807-841E-576E584039BE}.Release|Any CPU.ActiveCfg = Release|Any CPU
		{94773B26-016A-4807-841E-576E584039BE}.Release|Any CPU.Build.0 = Release|Any CPU
	EndGlobalSection
	GlobalSection(SolutionProperties) = preSolution
		HideSolutionNode = FALSE
	EndGlobalSection
	GlobalSection(ExtensibilityGlobals) = postSolution
		SolutionGuid = {1DEB30D2-CA7E-4F6F-AB63-33AB56D878AE}
	EndGlobalSection
EndGlobal
